{
  "originHash" : "cde16bafbdf6395b99f367dae9393b7d6b98b084b18bc07e8d8656d949cd4d90",
  "pins" : [
    {
      "identity" : "swiftskeleton",
      "kind" : "remoteSourceControl",
      "location" : "https://github.com/abdallahnh/SwiftSkeleton",
      "state" : {
        "revision" : "32b3b05a9522107e5e4464d20209c6d7a6b791f3",
        "version" : "1.0.2"
      }
    }
  ],
  "version" : 3
}
