{
  "originHash" : "cde16bafbdf6395b99f367dae9393b7d6b98b084b18bc07e8d8656d949cd4d90",
  "pins" : [
    {
      "identity" : "swiftskeleton",
      "kind" : "remoteSourceControl",
      "location" : "https://github.com/abdallahnh/SwiftSkeleton",
      "state" : {
        "branch" : "master",
        "revision" : "e69004362b492eed643aafe1bb97d38d2cfd22f2"
      }
    }
  ],
  "version" : 3
}
